
Microsoft Visual Studio Solution File, Format Version 12.00
# Visual Studio 15
VisualStudioVersion = 15.0.28010.2026
MinimumVisualStudioVersion = 10.0.40219.1
Project("{FAE04EC0-301F-11D3-BF4B-00C04F79EFBC}") = "WindowsFormsApp1", "WindowsFormsApp1\WindowsFormsApp1.csproj", "{9FA47223-0302-4198-AA82-6EDA52ED884B}"
EndProject
Global
	GlobalSection(SolutionConfigurationPlatforms) = preSolution
		Debug|Any CPU = Debug|Any CPU
		Release|Any CPU = Release|Any CPU
	EndGlobalSection
	GlobalSection(ProjectConfigurationPlatforms) = postSolution
		{9FA47223-0302-4198-AA82-6EDA52ED884B}.Debug|Any CPU.ActiveCfg = Debug|Any CPU
		{9FA47223-0302-4198-AA82-6EDA52ED884B}.Debug|Any CPU.Build.0 = Debug|Any CPU
		{9FA47223-0302-4198-AA82-6EDA52ED884B}.Release|Any CPU.ActiveCfg = Release|Any CPU
		{9FA47223-0302-4198-AA82-6EDA52ED884B}.Release|Any CPU.Build.0 = Release|Any CPU
	EndGlobalSection
	GlobalSection(SolutionProperties) = preSolution
		HideSolutionNode = FALSE
	EndGlobalSection
	GlobalSection(ExtensibilityGlobals) = postSolution
		SolutionGuid = {17E06F1D-B99B-4037-8D6F-B7EBAE3A76D8}
	EndGlobalSection
EndGlobal
